
Microsoft Visual Studio Solution File, Format Version 12.00
# Visual Studio Version 17
VisualStudioVersion = 17.5.33530.505
MinimumVisualStudioVersion = 10.0.40219.1
Project("{FAE04EC0-301F-11D3-BF4B-00C04F79EFBC}") = "FINAL 7.7", "FINAL 7.7.csproj", "{7F885B5F-C4B6-4621-B92A-1E1150C1BF6C}"
EndProject
Global
	GlobalSection(SolutionConfigurationPlatforms) = preSolution
		Debug|Any CPU = Debug|Any CPU
		Release|Any CPU = Release|Any CPU
	EndGlobalSection
	GlobalSection(ProjectConfigurationPlatforms) = postSolution
		{7F885B5F-C4B6-4621-B92A-1E1150C1BF6C}.Debug|Any CPU.ActiveCfg = Debug|Any CPU
		{7F885B5F-C4B6-4621-B92A-1E1150C1BF6C}.Debug|Any CPU.Build.0 = Debug|Any CPU
		{7F885B5F-C4B6-4621-B92A-1E1150C1BF6C}.Release|Any CPU.ActiveCfg = Release|Any CPU
		{7F885B5F-C4B6-4621-B92A-1E1150C1BF6C}.Release|Any CPU.Build.0 = Release|Any CPU
	EndGlobalSection
	GlobalSection(SolutionProperties) = preSolution
		HideSolutionNode = FALSE
	EndGlobalSection
	GlobalSection(ExtensibilityGlobals) = postSolution
		SolutionGuid = {DEFB2545-63CF-440C-A5FB-A2E32D6C1D1A}
	EndGlobalSection
EndGlobal
